{
    "_meta": {
        "hash": {
            "sha256": "6b5f6eb884d7a75edaeb790cc4a709a5aed4ae036a7908582fb9ed8fec646c30"
        },
        "pipfile-spec": 6,
        "requires": {
            "python_version": "3.8"
        },
        "sources": [
            {
                "name": "pypi",
                "url": "https://pypi.org/simple",
                "verify_ssl": true
            }
        ]
    },
    "default": {
        "art": {
            "hashes": [
                "sha256:6f53cdb423b73f3cf715dff5da3c3597205e62a982209135da64fb53c321648c",
                "sha256:e84c3adefb312788ef209b038dbe7227ac2bee8521369da46721d5ef26aa7d8c"
            ],
            "markers": "python_version >= '2.7'",
            "version": "==4.8"
        },
        "pyrgg": {
            "hashes": [
                "sha256:211f4482e7f919c8361ab5224a2ded0e8849e5e8ca46af5c3715f5f46fe246d4",
                "sha256:8adf005430a0d85f3b99f32dcd04ec42a0d1a1331addc32cf5d7945cceeaedc3"
            ],
            "index": "pypi",
            "version": "==0.9"
        },
        "pyyaml": {
            "hashes": [
                "sha256:06a0d7ba600ce0b2d2fe2e78453a470b5a6e000a985dd4a4e54e436cc36b0e97",
                "sha256:240097ff019d7c70a4922b6869d8a86407758333f02203e0fc6ff79c5dcede76",
                "sha256:4f4b913ca1a7319b33cfb1369e91e50354d6f07a135f3b901aca02aa95940bd2",
                "sha256:69f00dca373f240f842b2931fb2c7e14ddbacd1397d57157a9b005a6a9942648",
                "sha256:73f099454b799e05e5ab51423c7bcf361c58d3206fa7b0d555426b1f4d9a3eaf",
                "sha256:74809a57b329d6cc0fdccee6318f44b9b8649961fa73144a98735b0aaf029f1f",
                "sha256:7739fc0fa8205b3ee8808aea45e968bc90082c10aef6ea95e855e10abf4a37b2",
                "sha256:95f71d2af0ff4227885f7a6605c37fd53d3a106fcab511b8860ecca9fcf400ee",
                "sha256:b8eac752c5e14d3eca0e6dd9199cd627518cb5ec06add0de9d32baeee6fe645d",
                "sha256:cc8955cfbfc7a115fa81d85284ee61147059a753344bc51098f3ccd69b0d7e0c",
                "sha256:d13155f591e6fcc1ec3b30685d50bf0711574e2c0dfffd7644babf8b5102ca1a"
            ],
            "version": "==5.3.1"
        },
        "termcolor": {
            "hashes": [
                "sha256:1d6d69ce66211143803fbc56652b41d73b4a400a2891d7bf7a1cdf4c02de613b"
            ],
            "index": "pypi",
            "version": "==1.1.0"
        }
    },
    "develop": {}
}
